{
  "version": 4,
  "terraform_version": "1.15.8",
  "serial": 40,
  "lineage": "9bd7168b-87d1-bc69-cc7a-d44c5837e2e1",
  "outputs": {
    "amplify_app_id": {
      "value": "d3a2wy9wnw07n7",
      "type": "string"
    },
    "amplify_url": {
      "value": "https://main.d3a2wy9wnw07n7.amplifyapp.com",
      "type": "string"
    },
    "api_url": {
      "value": "https://f0qkjlhiu0.execute-api.us-east-1.amazonaws.com/desarrollo/datos",
      "type": "string"
    },
    "api_url_publica": {
      "value": "https://f0qkjlhiu0.execute-api.us-east-1.amazonaws.com/desarrollo/publico/datos",
      "type": "string"
    }
  },
  "resources": [
    {
      "mode": "managed",
      "type": "aws_amplify_app",
      "name": "front",
      "provider": "provider[\"registry.terraform.io/hashicorp/aws\"]",
      "instances": [
        {
          "schema_version": 0,
          "attributes": {
            "access_token": null,
            "arn": "arn:aws:amplify:us-east-1:735718294021:apps/d3a2wy9wnw07n7",
            "auto_branch_creation_config": [],
            "auto_branch_creation_patterns": [],
            "basic_auth_credentials": "",
            "build_spec": "",
            "cache_config": [
              {
                "type": "AMPLIFY_MANAGED_NO_COOKIES"
              }
            ],
            "compute_role_arn": "",
            "custom_headers": "",
            "custom_rule": [
              {
                "condition": "",
                "source": "/\u003c*\u003e",
                "status": "404",
                "target": "/index.html"
              }
            ],
            "default_domain": "d3a2wy9wnw07n7.amplifyapp.com",
            "description": "",
            "enable_auto_branch_creation": false,
            "enable_basic_auth": false,
            "enable_branch_auto_build": false,
            "enable_branch_auto_deletion": false,
            "environment_variables": {},
            "iam_service_role_arn": "",
            "id": "d3a2wy9wnw07n7",
            "name": "dsy1107-karla",
            "oauth_token": null,
            "platform": "WEB",
            "production_branch": [
              {
                "branch_name": "main",
                "last_deploy_time": "2026-08-31T05:09:55Z",
                "status": "SUCCEED",
                "thumbnail_url": ""
              }
            ],
            "repository": "",
            "tags": {},
            "tags_all": {}
          },
          "sensitive_attributes": [
            [
              {
                "type": "get_attr",
                "value": "access_token"
              }
            ],
            [
              {
                "type": "get_attr",
                "value": "basic_auth_credentials"
              }
            ],
            [
              {
                "type": "get_attr",
                "value": "oauth_token"
              }
            ]
          ],
          "identity_schema_version": 0,
          "private": "bnVsbA=="
        }
      ]
    },
    {
      "mode": "managed",
      "type": "aws_amplify_branch",
      "name": "main",
      "provider": "provider[\"registry.terraform.io/hashicorp/aws\"]",
      "instances": [
        {
          "schema_version": 0,
          "attributes": {
            "app_id": "d3a2wy9wnw07n7",
            "arn": "arn:aws:amplify:us-east-1:735718294021:apps/d3a2wy9wnw07n7/branches/main",
            "associated_resources": [],
            "backend_environment_arn": "",
            "basic_auth_credentials": "",
            "branch_name": "main",
            "custom_domains": [],
            "description": "",
            "destination_branch": "",
            "display_name": "main",
            "enable_auto_build": true,
            "enable_basic_auth": false,
            "enable_notification": false,
            "enable_performance_mode": false,
            "enable_pull_request_preview": false,
            "environment_variables": {},
            "framework": "React",
            "id": "d3a2wy9wnw07n7/main",
            "pull_request_environment_name": "",
            "source_branch": "",
            "stage": "PRODUCTION",
            "tags": {},
            "tags_all": {},
            "ttl": "5"
          },
          "sensitive_attributes": [
            [
              {
                "type": "get_attr",
                "value": "basic_auth_credentials"
              }
            ]
          ],
          "identity_schema_version": 0,
          "private": "bnVsbA==",
          "dependencies": [
            "aws_amplify_app.front"
          ]
        }
      ]
    },
    {
      "mode": "managed",
      "type": "aws_apigatewayv2_api",
      "name": "api",
      "provider": "provider[\"registry.terraform.io/hashicorp/aws\"]",
      "instances": [
        {
          "schema_version": 0,
          "attributes": {
            "api_endpoint": "https://f0qkjlhiu0.execute-api.us-east-1.amazonaws.com",
            "api_key_selection_expression": "$request.header.x-api-key",
            "arn": "arn:aws:apigateway:us-east-1::/apis/f0qkjlhiu0",
            "body": null,
            "cors_configuration": [
              {
                "allow_credentials": false,
                "allow_headers": [
                  "authorization",
                  "content-type"
                ],
                "allow_methods": [
                  "GET",
                  "OPTIONS"
                ],
                "allow_origins": [
                  "http://localhost:5173",
                  "https://main.d3a2wy9wnw07n7.amplifyapp.com"
                ],
                "expose_headers": [],
                "max_age": 0
              }
            ],
            "credentials_arn": null,
            "description": "",
            "disable_execute_api_endpoint": false,
            "execution_arn": "arn:aws:execute-api:us-east-1:735718294021:f0qkjlhiu0",
            "fail_on_warnings": null,
            "id": "f0qkjlhiu0",
            "ip_address_type": "ipv4",
            "name": "API_Manager",
            "protocol_type": "HTTP",
            "route_key": null,
            "route_selection_expression": "$request.method $request.path",
            "tags": {},
            "tags_all": {},
            "target": null,
            "version": ""
          },
          "sensitive_attributes": [],
          "identity_schema_version": 0,
          "private": "bnVsbA=="
        }
      ]
    },
    {
      "mode": "managed",
      "type": "aws_apigatewayv2_authorizer",
      "name": "cognito",
      "provider": "provider[\"registry.terraform.io/hashicorp/aws\"]",
      "instances": [
        {
          "schema_version": 0,
          "attributes": {
            "api_id": "f0qkjlhiu0",
            "authorizer_credentials_arn": "",
            "authorizer_payload_format_version": "",
            "authorizer_result_ttl_in_seconds": 0,
            "authorizer_type": "JWT",
            "authorizer_uri": "",
            "enable_simple_responses": false,
            "id": "z3ly6w",
            "identity_sources": [
              "$request.header.Authorization"
            ],
            "jwt_configuration": [
              {
                "audience": [
                  "dblq8gdjkl7p3qntcnt3g5kq"
                ],
                "issuer": "https://cognito-idp.us-east-1.amazonaws.com/us-east-1_OLIkfqs7y"
              }
            ],
            "name": "cognito-authorizer",
            "timeouts": null
          },
          "sensitive_attributes": [],
          "identity_schema_version": 0,
          "private": "eyJlMmJmYjczMC1lY2FhLTExZTYtOGY4OC0zNDM2M2JjN2M0YzAiOnsiZGVsZXRlIjoxODAwMDAwMDAwMDAwfX0=",
          "dependencies": [
            "aws_apigatewayv2_api.api",
            "aws_cognito_user_pool.pool",
            "aws_cognito_user_pool_client.spa"
          ]
        }
      ]
    },
    {
      "mode": "managed",
      "type": "aws_apigatewayv2_integration",
      "name": "mindicador",
      "provider": "provider[\"registry.terraform.io/hashicorp/aws\"]",
      "instances": [
        {
          "schema_version": 0,
          "attributes": {
            "api_id": "f0qkjlhiu0",
            "connection_id": "",
            "connection_type": "INTERNET",
            "content_handling_strategy": "",
            "credentials_arn": "",
            "description": "",
            "id": "h3fddcs",
            "integration_method": "GET",
            "integration_response_selection_expression": "",
            "integration_subtype": "",
            "integration_type": "HTTP_PROXY",
            "integration_uri": "https://mindicador.cl/api",
            "passthrough_behavior": "",
            "payload_format_version": "1.0",
            "request_parameters": {},
            "request_templates": {},
            "response_parameters": [],
            "template_selection_expression": "",
            "timeout_milliseconds": 30000,
            "tls_config": []
          },
          "sensitive_attributes": [],
          "identity_schema_version": 0,
          "private": "bnVsbA==",
          "dependencies": [
            "aws_apigatewayv2_api.api"
          ]
        }
      ]
    },
    {
      "mode": "managed",
      "type": "aws_apigatewayv2_route",
      "name": "datos",
      "provider": "provider[\"registry.terraform.io/hashicorp/aws\"]",
      "instances": [
        {
          "schema_version": 0,
          "attributes": {
            "api_id": "f0qkjlhiu0",
            "api_key_required": false,
            "authorization_scopes": [],
            "authorization_type": "JWT",
            "authorizer_id": "z3ly6w",
            "id": "4f0nubl",
            "model_selection_expression": "",
            "operation_name": "",
            "request_models": {},
            "request_parameter": [],
            "route_key": "GET /datos",
            "route_response_selection_expression": "",
            "target": "integrations/h3fddcs"
          },
          "sensitive_attributes": [],
          "identity_schema_version": 0,
          "private": "bnVsbA==",
          "dependencies": [
            "aws_apigatewayv2_api.api",
            "aws_apigatewayv2_authorizer.cognito",
            "aws_apigatewayv2_integration.mindicador",
            "aws_cognito_user_pool.pool",
            "aws_cognito_user_pool_client.spa"
          ]
        }
      ]
    },
    {
      "mode": "managed",
      "type": "aws_apigatewayv2_route",
      "name": "publico",
      "provider": "provider[\"registry.terraform.io/hashicorp/aws\"]",
      "instances": [
        {
          "schema_version": 0,
          "attributes": {
            "api_id": "f0qkjlhiu0",
            "api_key_required": false,
            "authorization_scopes": [],
            "authorization_type": "NONE",
            "authorizer_id": "",
            "id": "gxmi0xc",
            "model_selection_expression": "",
            "operation_name": "",
            "request_models": {},
            "request_parameter": [],
            "route_key": "GET /publico/datos",
            "route_response_selection_expression": "",
            "target": "integrations/h3fddcs"
          },
          "sensitive_attributes": [],
          "identity_schema_version": 0,
          "private": "bnVsbA==",
          "dependencies": [
            "aws_apigatewayv2_api.api",
            "aws_apigatewayv2_integration.mindicador"
          ]
        }
      ]
    },
    {
      "mode": "managed",
      "type": "aws_apigatewayv2_stage",
      "name": "desarrollo",
      "provider": "provider[\"registry.terraform.io/hashicorp/aws\"]",
      "instances": [
        {
          "schema_version": 0,
          "attributes": {
            "access_log_settings": [],
            "api_id": "f0qkjlhiu0",
            "arn": "arn:aws:apigateway:us-east-1::/apis/f0qkjlhiu0/stages/desarrollo",
            "auto_deploy": true,
            "client_certificate_id": "",
            "default_route_settings": [
              {
                "data_trace_enabled": false,
                "detailed_metrics_enabled": false,
                "logging_level": "",
                "throttling_burst_limit": 0,
                "throttling_rate_limit": 0
              }
            ],
            "deployment_id": "6c55v8",
            "description": "",
            "execution_arn": "arn:aws:execute-api:us-east-1:735718294021:f0qkjlhiu0/desarrollo",
            "id": "desarrollo",
            "invoke_url": "https://f0qkjlhiu0.execute-api.us-east-1.amazonaws.com/desarrollo",
            "name": "desarrollo",
            "route_settings": [],
            "stage_variables": {},
            "tags": {},
            "tags_all": {}
          },
          "sensitive_attributes": [],
          "identity_schema_version": 0,
          "private": "bnVsbA==",
          "dependencies": [
            "aws_apigatewayv2_api.api"
          ]
        }
      ]
    },
    {
      "mode": "managed",
      "type": "aws_cognito_user_pool",
      "name": "pool",
      "provider": "provider[\"registry.terraform.io/hashicorp/aws\"]",
      "instances": [
        {
          "schema_version": 0,
          "attributes": {
            "account_recovery_setting": [
              {
                "recovery_mechanism": [
                  {
                    "name": "verified_email",
                    "priority": 1
                  },
                  {
                    "name": "verified_phone_number",
                    "priority": 2
                  }
                ]
              }
            ],
            "admin_create_user_config": [
              {
                "allow_admin_create_user_only": true,
                "invite_message_template": []
              }
            ],
            "alias_attributes": null,
            "arn": "arn:aws:cognito-idp:us-east-1:735718294021:userpool/us-east-1_OLIkfqs7y",
            "auto_verified_attributes": [
              "email"
            ],
            "creation_date": "2026-08-18T01:18:55Z",
            "custom_domain": "",
            "deletion_protection": "INACTIVE",
            "device_configuration": [],
            "domain": "dsy1107-grupo10",
            "email_configuration": [
              {
                "configuration_set": "",
                "email_sending_account": "COGNITO_DEFAULT",
                "from_email_address": "",
                "reply_to_email_address": "",
                "source_arn": ""
              }
            ],
            "email_mfa_configuration": [],
            "email_verification_message": "",
            "email_verification_subject": "",
            "endpoint": "cognito-idp.us-east-1.amazonaws.com/us-east-1_OLIkfqs7y",
            "estimated_number_of_users": 1,
            "id": "us-east-1_OLIkfqs7y",
            "lambda_config": [],
            "last_modified_date": "2026-08-18T01:18:55Z",
            "mfa_configuration": "OFF",
            "name": "dsy1107-grupo10",
            "password_policy": [
              {
                "minimum_length": 8,
                "password_history_size": 0,
                "require_lowercase": true,
                "require_numbers": true,
                "require_symbols": false,
                "require_uppercase": true,
                "temporary_password_validity_days": 7
              }
            ],
            "schema": [],
            "sign_in_policy": [
              {
                "allowed_first_auth_factors": [
                  "PASSWORD"
                ]
              }
            ],
            "sms_authentication_message": "",
            "sms_configuration": [],
            "sms_verification_message": "",
            "software_token_mfa_configuration": [],
            "tags": {},
            "tags_all": {},
            "user_attribute_update_settings": [],
            "user_pool_add_ons": [],
            "user_pool_tier": "ESSENTIALS",
            "username_attributes": [
              "email"
            ],
            "username_configuration": [],
            "verification_message_template": [
              {
                "default_email_option": "CONFIRM_WITH_CODE",
                "email_message": "",
                "email_message_by_link": "",
                "email_subject": "",
                "email_subject_by_link": "",
                "sms_message": ""
              }
            ],
            "web_authn_configuration": []
          },
          "sensitive_attributes": [],
          "identity_schema_version": 0,
          "private": "bnVsbA=="
        }
      ]
    },
    {
      "mode": "managed",
      "type": "aws_cognito_user_pool_client",
      "name": "spa",
      "provider": "provider[\"registry.terraform.io/hashicorp/aws\"]",
      "instances": [
        {
          "schema_version": 0,
          "attributes": {
            "access_token_validity": 60,
            "allowed_oauth_flows": [
              "code"
            ],
            "allowed_oauth_flows_user_pool_client": true,
            "allowed_oauth_scopes": [
              "aws.cognito.signin.user.admin",
              "email",
              "openid",
              "profile"
            ],
            "analytics_configuration": [],
            "auth_session_validity": 3,
            "callback_urls": [
              "http://localhost:5173/",
              "https://main.d3a2wy9wnw07n7.amplifyapp.com/"
            ],
            "client_secret": "",
            "default_redirect_uri": "",
            "enable_propagate_additional_user_context_data": false,
            "enable_token_revocation": true,
            "explicit_auth_flows": [
              "ALLOW_REFRESH_TOKEN_AUTH",
              "ALLOW_USER_PASSWORD_AUTH"
            ],
            "generate_secret": false,
            "id": "dblq8gdjkl7p3qntcnt3g5kq",
            "id_token_validity": 60,
            "logout_urls": [
              "http://localhost:5173/",
              "https://main.d3a2wy9wnw07n7.amplifyapp.com/"
            ],
            "name": "spa-react",
            "prevent_user_existence_errors": "",
            "read_attributes": [],
            "refresh_token_rotation": [],
            "refresh_token_validity": 30,
            "supported_identity_providers": [
              "COGNITO"
            ],
            "token_validity_units": [
              {
                "access_token": "minutes",
                "id_token": "minutes",
                "refresh_token": "days"
              }
            ],
            "user_pool_id": "us-east-1_OLIkfqs7y",
            "write_attributes": []
          },
          "sensitive_attributes": [
            [
              {
                "type": "get_attr",
                "value": "client_secret"
              }
            ]
          ],
          "identity_schema_version": 0,
          "dependencies": [
            "aws_cognito_user_pool.pool"
          ]
        }
      ]
    },
    {
      "mode": "managed",
      "type": "aws_cognito_user_pool_domain",
      "name": "hosted_ui",
      "provider": "provider[\"registry.terraform.io/hashicorp/aws\"]",
      "instances": [
        {
          "schema_version": 0,
          "attributes": {
            "aws_account_id": "735718294021",
            "certificate_arn": "",
            "cloudfront_distribution": "d3oia8etllorh5.cloudfront.net",
            "cloudfront_distribution_arn": "d3oia8etllorh5.cloudfront.net",
            "cloudfront_distribution_zone_id": "Z2FDTNDATAQYW2",
            "domain": "dsy1107-grupo10",
            "id": "dsy1107-grupo10",
            "managed_login_version": 1,
            "s3_bucket": "aws-cognito-prod-iad-assets",
            "user_pool_id": "us-east-1_OLIkfqs7y",
            "version": "20260818012041"
          },
          "sensitive_attributes": [],
          "identity_schema_version": 0,
          "private": "bnVsbA==",
          "dependencies": [
            "aws_cognito_user_pool.pool"
          ]
        }
      ]
    }
  ],
  "check_results": null
}
